
Microsoft Visual Studio Solution File, Format Version 12.00
# Visual Studio 2012
Project("{FAE04EC0-301F-11D3-BF4B-00C04F79EFBC}") = "DCTS", "DCTS\DCTS.csproj", "{30E879DC-767F-4F7D-991C-FB85720CA82E}"
EndProject
Project("{2150E333-8FDC-42A3-9474-1A3956D46DE8}") = ".nuget", ".nuget", "{D81CBD09-77DA-420D-B1F4-45FEF55E1E63}"
	ProjectSection(SolutionItems) = preProject
		.nuget\NuGet.Config = .nuget\NuGet.Config
		.nuget\NuGet.exe = .nuget\NuGet.exe
		.nuget\NuGet.targets = .nuget\NuGet.targets
	EndProjectSection
EndProject
Project("{FAE04EC0-301F-11D3-BF4B-00C04F79EFBC}") = "WpfDCTS", "WpfDCTS\WpfDCTS.csproj", "{B6CC8388-7754-4E9F-B581-41124174E07D}"
EndProject
Project("{FAE04EC0-301F-11D3-BF4B-00C04F79EFBC}") = "Shell", "Shell\Shell.csproj", "{711CCF1F-6B8F-4E97-8D84-0EE679C83B41}"
EndProject
Project("{FAE04EC0-301F-11D3-BF4B-00C04F79EFBC}") = "ShellExplorer", "ShellExplorer\ShellExplorer.csproj", "{7258B802-D0E5-4268-9C71-3DCC6AF5C2C1}"
EndProject
Global
	GlobalSection(SolutionConfigurationPlatforms) = preSolution
		Debug|Any CPU = Debug|Any CPU
		Release|Any CPU = Release|Any CPU
	EndGlobalSection
	GlobalSection(ProjectConfigurationPlatforms) = postSolution
		{30E879DC-767F-4F7D-991C-FB85720CA82E}.Debug|Any CPU.ActiveCfg = Debug|Any CPU
		{30E879DC-767F-4F7D-991C-FB85720CA82E}.Debug|Any CPU.Build.0 = Debug|Any CPU
		{30E879DC-767F-4F7D-991C-FB85720CA82E}.Release|Any CPU.ActiveCfg = Release|Any CPU
		{30E879DC-767F-4F7D-991C-FB85720CA82E}.Release|Any CPU.Build.0 = Release|Any CPU
		{B6CC8388-7754-4E9F-B581-41124174E07D}.Debug|Any CPU.ActiveCfg = Debug|Any CPU
		{B6CC8388-7754-4E9F-B581-41124174E07D}.Debug|Any CPU.Build.0 = Debug|Any CPU
		{B6CC8388-7754-4E9F-B581-41124174E07D}.Release|Any CPU.ActiveCfg = Release|Any CPU
		{B6CC8388-7754-4E9F-B581-41124174E07D}.Release|Any CPU.Build.0 = Release|Any CPU
		{711CCF1F-6B8F-4E97-8D84-0EE679C83B41}.Debug|Any CPU.ActiveCfg = Debug|Any CPU
		{711CCF1F-6B8F-4E97-8D84-0EE679C83B41}.Debug|Any CPU.Build.0 = Debug|Any CPU
		{711CCF1F-6B8F-4E97-8D84-0EE679C83B41}.Release|Any CPU.ActiveCfg = Release|Any CPU
		{711CCF1F-6B8F-4E97-8D84-0EE679C83B41}.Release|Any CPU.Build.0 = Release|Any CPU
		{7258B802-D0E5-4268-9C71-3DCC6AF5C2C1}.Debug|Any CPU.ActiveCfg = Debug|Any CPU
		{7258B802-D0E5-4268-9C71-3DCC6AF5C2C1}.Debug|Any CPU.Build.0 = Debug|Any CPU
		{7258B802-D0E5-4268-9C71-3DCC6AF5C2C1}.Release|Any CPU.ActiveCfg = Release|Any CPU
		{7258B802-D0E5-4268-9C71-3DCC6AF5C2C1}.Release|Any CPU.Build.0 = Release|Any CPU
	EndGlobalSection
	GlobalSection(SolutionProperties) = preSolution
		HideSolutionNode = FALSE
	EndGlobalSection
EndGlobal
